// !$*UTF8*$!
{
	archiveVersion = 1;
	classes = {
	};
	objectVersion = 56;
	objects = {

/* Begin PBXBuildFile section */
		C752635C29762556002478B2 /* GitHubClientWithInjectableApp.swift in Sources */ = {isa = PBXBuildFile; fileRef = C752635B29762556002478B2 /* GitHubClientWithInjectableApp.swift */; };
		C752635E29762556002478B2 /* ContentView.swift in Sources */ = {isa = PBXBuildFile; fileRef = C752635D29762556002478B2 /* ContentView.swift */; };
		C752636029762557002478B2 /* Assets.xcassets in Resources */ = {isa = PBXBuildFile; fileRef = C752635F29762557002478B2 /* Assets.xcassets */; };
		C752636329762557002478B2 /* Preview Assets.xcassets in Resources */ = {isa = PBXBuildFile; fileRef = C752636229762557002478B2 /* Preview Assets.xcassets */; };
		C752636D29762557002478B2 /* GitHubClientWithInjectableTests.swift in Sources */ = {isa = PBXBuildFile; fileRef = C752636C29762557002478B2 /* GitHubClientWithInjectableTests.swift */; };
		C752637729762557002478B2 /* GitHubClientWithInjectableUITests.swift in Sources */ = {isa = PBXBuildFile; fileRef = C752637629762557002478B2 /* GitHubClientWithInjectableUITests.swift */; };
		C752637929762557002478B2 /* GitHubClientWithInjectableUITestsLaunchTests.swift in Sources */ = {isa = PBXBuildFile; fileRef = C752637829762557002478B2 /* GitHubClientWithInjectableUITestsLaunchTests.swift */; };
/* End PBXBuildFile section */

/* Begin PBXContainerItemProxy section */
		C752636929762557002478B2 /* PBXContainerItemProxy */ = {
			isa = PBXContainerItemProxy;
			containerPortal = C752635029762556002478B2 /* Project object */;
			proxyType = 1;
			remoteGlobalIDString = C752635729762556002478B2;
			remoteInfo = GitHubClientWithInjectable;
		};
		C752637329762557002478B2 /* PBXContainerItemProxy */ = {
			isa = PBXContainerItemProxy;
			containerPortal = C752635029762556002478B2 /* Project object */;
			proxyType = 1;
			remoteGlobalIDString = C752635729762556002478B2;
			remoteInfo = GitHubClientWithInjectable;
		};
/* End PBXContainerItemProxy section */

/* Begin PBXFileReference section */
		C752635829762556002478B2 /* GitHubClientWithInjectable.app */ = {isa = PBXFileReference; explicitFileType = wrapper.application; includeInIndex = 0; path = GitHubClientWithInjectable.app; sourceTree = BUILT_PRODUCTS_DIR; };
		C752635B29762556002478B2 /* GitHubClientWithInjectableApp.swift */ = {isa = PBXFileReference; lastKnownFileType = sourcecode.swift; path = GitHubClientWithInjectableApp.swift; sourceTree = "<group>"; };
		C752635D29762556002478B2 /* ContentView.swift */ = {isa = PBXFileReference; lastKnownFileType = sourcecode.swift; path = ContentView.swift; sourceTree = "<group>"; };
		C752635F29762557002478B2 /* Assets.xcassets */ = {isa = PBXFileReference; lastKnownFileType = folder.assetcatalog; path = Assets.xcassets; sourceTree = "<group>"; };
		C752636229762557002478B2 /* Preview Assets.xcassets */ = {isa = PBXFileReference; lastKnownFileType = folder.assetcatalog; path = "Preview Assets.xcassets"; sourceTree = "<group>"; };
		C752636829762557002478B2 /* GitHubClientWithInjectableTests.xctest */ = {isa = PBXFileReference; explicitFileType = wrapper.cfbundle; includeInIndex = 0; path = GitHubClientWithInjectableTests.xctest; sourceTree = BUILT_PRODUCTS_DIR; };
		C752636C29762557002478B2 /* GitHubClientWithInjectableTests.swift */ = {isa = PBXFileReference; lastKnownFileType = sourcecode.swift; path = GitHubClientWithInjectableTests.swift; sourceTree = "<group>"; };
		C752637229762557002478B2 /* GitHubClientWithInjectableUITests.xctest */ = {isa = PBXFileReference; explicitFileType = wrapper.cfbundle; includeInIndex = 0; path = GitHubClientWithInjectableUITests.xctest; sourceTree = BUILT_PRODUCTS_DIR; };
		C752637629762557002478B2 /* GitHubClientWithInjectableUITests.swift */ = {isa = PBXFileReference; lastKnownFileType = sourcecode.swift; path = GitHubClientWithInjectableUITests.swift; sourceTree = "<group>"; };
		C752637829762557002478B2 /* GitHubClientWithInjectableUITestsLaunchTests.swift */ = {isa = PBXFileReference; lastKnownFileType = sourcecode.swift; path = GitHubClientWithInjectableUITestsLaunchTests.swift; sourceTree = "<group>"; };
/* End PBXFileReference section */

/* Begin PBXFrameworksBuildPhase section */
		C752635529762556002478B2 /* Frameworks */ = {
			isa = PBXFrameworksBuildPhase;
			buildActionMask = 2147483647;
			files = (
			);
			runOnlyForDeploymentPostprocessing = 0;
		};
		C752636529762557002478B2 /* Frameworks */ = {
			isa = PBXFrameworksBuildPhase;
			buildActionMask = 2147483647;
			files = (
			);
			runOnlyForDeploymentPostprocessing = 0;
		};
		C752636F29762557002478B2 /* Frameworks */ = {
			isa = PBXFrameworksBuildPhase;
			buildActionMask = 2147483647;
			files = (
			);
			runOnlyForDeploymentPostprocessing = 0;
		};
/* End PBXFrameworksBuildPhase section */

/* Begin PBXGroup section */
		C752634F29762556002478B2 = {
			isa = PBXGroup;
			children = (
				C752635A29762556002478B2 /* GitHubClientWithInjectable */,
				C752636B29762557002478B2 /* GitHubClientWithInjectableTests */,
				C752637529762557002478B2 /* GitHubClientWithInjectableUITests */,
				C752635929762556002478B2 /* Products */,
			);
			sourceTree = "<group>";
		};
		C752635929762556002478B2 /* Products */ = {
			isa = PBXGroup;
			children = (
				C752635829762556002478B2 /* GitHubClientWithInjectable.app */,
				C752636829762557002478B2 /* GitHubClientWithInjectableTests.xctest */,
				C752637229762557002478B2 /* GitHubClientWithInjectableUITests.xctest */,
			);
			name = Products;
			sourceTree = "<group>";
		};
		C752635A29762556002478B2 /* GitHubClientWithInjectable */ = {
			isa = PBXGroup;
			children = (
				C752635B29762556002478B2 /* GitHubClientWithInjectableApp.swift */,
				C752635D29762556002478B2 /* ContentView.swift */,
				C752635F29762557002478B2 /* Assets.xcassets */,
				C752636129762557002478B2 /* Preview Content */,
			);
			path = GitHubClientWithInjectable;
			sourceTree = "<group>";
		};
		C752636129762557002478B2 /* Preview Content */ = {
			isa = PBXGroup;
			children = (
				C752636229762557002478B2 /* Preview Assets.xcassets */,
			);
			path = "Preview Content";
			sourceTree = "<group>";
		};
		C752636B29762557002478B2 /* GitHubClientWithInjectableTests */ = {
			isa = PBXGroup;
			children = (
				C752636C29762557002478B2 /* GitHubClientWithInjectableTests.swift */,
			);
			path = GitHubClientWithInjectableTests;
			sourceTree = "<group>";
		};
		C752637529762557002478B2 /* GitHubClientWithInjectableUITests */ = {
			isa = PBXGroup;
			children = (
				C752637629762557002478B2 /* GitHubClientWithInjectableUITests.swift */,
				C752637829762557002478B2 /* GitHubClientWithInjectableUITestsLaunchTests.swift */,
			);
			path = GitHubClientWithInjectableUITests;
			sourceTree = "<group>";
		};
/* End PBXGroup section */

/* Begin PBXNativeTarget section */
		C752635729762556002478B2 /* GitHubClientWithInjectable */ = {
			isa = PBXNativeTarget;
			buildConfigurationList = C752637C29762557002478B2 /* Build configuration list for PBXNativeTarget "GitHubClientWithInjectable" */;
			buildPhases = (
				C752635429762556002478B2 /* Sources */,
				C752635529762556002478B2 /* Frameworks */,
				C752635629762556002478B2 /* Resources */,
			);
			buildRules = (
			);
			dependencies = (
			);
			name = GitHubClientWithInjectable;
			productName = GitHubClientWithInjectable;
			productReference = C752635829762556002478B2 /* GitHubClientWithInjectable.app */;
			productType = "com.apple.product-type.application";
		};
		C752636729762557002478B2 /* GitHubClientWithInjectableTests */ = {
			isa = PBXNativeTarget;
			buildConfigurationList = C752637F29762557002478B2 /* Build configuration list for PBXNativeTarget "GitHubClientWithInjectableTests" */;
			buildPhases = (
				C752636429762557002478B2 /* Sources */,
				C752636529762557002478B2 /* Frameworks */,
				C752636629762557002478B2 /* Resources */,
			);
			buildRules = (
			);
			dependencies = (
				C752636A29762557002478B2 /* PBXTargetDependency */,
			);
			name = GitHubClientWithInjectableTests;
			productName = GitHubClientWithInjectableTests;
			productReference = C752636829762557002478B2 /* GitHubClientWithInjectableTests.xctest */;
			productType = "com.apple.product-type.bundle.unit-test";
		};
		C752637129762557002478B2 /* GitHubClientWithInjectableUITests */ = {
			isa = PBXNativeTarget;
			buildConfigurationList = C752638229762557002478B2 /* Build configuration list for PBXNativeTarget "GitHubClientWithInjectableUITests" */;
			buildPhases = (
				C752636E29762557002478B2 /* Sources */,
				C752636F29762557002478B2 /* Frameworks */,
				C752637029762557002478B2 /* Resources */,
			);
			buildRules = (
			);
			dependencies = (
				C752637429762557002478B2 /* PBXTargetDependency */,
			);
			name = GitHubClientWithInjectableUITests;
			productName = GitHubClientWithInjectableUITests;
			productReference = C752637229762557002478B2 /* GitHubClientWithInjectableUITests.xctest */;
			productType = "com.apple.product-type.bundle.ui-testing";
		};
/* End PBXNativeTarget section */

/* Begin PBXProject section */
		C752635029762556002478B2 /* Project object */ = {
			isa = PBXProject;
			attributes = {
				BuildIndependentTargetsInParallel = 1;
				LastSwiftUpdateCheck = 1420;
				LastUpgradeCheck = 1420;
				TargetAttributes = {
					C752635729762556002478B2 = {
						CreatedOnToolsVersion = 14.2;
					};
					C752636729762557002478B2 = {
						CreatedOnToolsVersion = 14.2;
						TestTargetID = C752635729762556002478B2;
					};
					C752637129762557002478B2 = {
						CreatedOnToolsVersion = 14.2;
						TestTargetID = C752635729762556002478B2;
					};
				};
			};
			buildConfigurationList = C752635329762556002478B2 /* Build configuration list for PBXProject "GitHubClientWithInjectable" */;
			compatibilityVersion = "Xcode 14.0";
			developmentRegion = en;
			hasScannedForEncodings = 0;
			knownRegions = (
				en,
				Base,
			);
			mainGroup = C752634F29762556002478B2;
			productRefGroup = C752635929762556002478B2 /* Products */;
			projectDirPath = "";
			projectRoot = "";
			targets = (
				C752635729762556002478B2 /* GitHubClientWithInjectable */,
				C752636729762557002478B2 /* GitHubClientWithInjectableTests */,
				C752637129762557002478B2 /* GitHubClientWithInjectableUITests */,
			);
		};
/* End PBXProject section */

/* Begin PBXResourcesBuildPhase section */
		C752635629762556002478B2 /* Resources */ = {
			isa = PBXResourcesBuildPhase;
			buildActionMask = 2147483647;
			files = (
				C752636329762557002478B2 /* Preview Assets.xcassets in Resources */,
				C752636029762557002478B2 /* Assets.xcassets in Resources */,
			);
			runOnlyForDeploymentPostprocessing = 0;
		};
		C752636629762557002478B2 /* Resources */ = {
			isa = PBXResourcesBuildPhase;
			buildActionMask = 2147483647;
			files = (
			);
			runOnlyForDeploymentPostprocessing = 0;
		};
		C752637029762557002478B2 /* Resources */ = {
			isa = PBXResourcesBuildPhase;
			buildActionMask = 2147483647;
			files = (
			);
			runOnlyForDeploymentPostprocessing = 0;
		};
/* End PBXResourcesBuildPhase section */

/* Begin PBXSourcesBuildPhase section */
		C752635429762556002478B2 /* Sources */ = {
			isa = PBXSourcesBuildPhase;
			buildActionMask = 2147483647;
			files = (
				C752635E29762556002478B2 /* ContentView.swift in Sources */,
				C752635C29762556002478B2 /* GitHubClientWithInjectableApp.swift in Sources */,
			);
			runOnlyForDeploymentPostprocessing = 0;
		};
		C752636429762557002478B2 /* Sources */ = {
			isa = PBXSourcesBuildPhase;
			buildActionMask = 2147483647;
			files = (
				C752636D29762557002478B2 /* GitHubClientWithInjectableTests.swift in Sources */,
			);
			runOnlyForDeploymentPostprocessing = 0;
		};
		C752636E29762557002478B2 /* Sources */ = {
			isa = PBXSourcesBuildPhase;
			buildActionMask = 2147483647;
			files = (
				C752637729762557002478B2 /* GitHubClientWithInjectableUITests.swift in Sources */,
				C752637929762557002478B2 /* GitHubClientWithInjectableUITestsLaunchTests.swift in Sources */,
			);
			runOnlyForDeploymentPostprocessing = 0;
		};
/* End PBXSourcesBuildPhase section */

/* Begin PBXTargetDependency section */
		C752636A29762557002478B2 /* PBXTargetDependency */ = {
			isa = PBXTargetDependency;
			target = C752635729762556002478B2 /* GitHubClientWithInjectable */;
			targetProxy = C752636929762557002478B2 /* PBXContainerItemProxy */;
		};
		C752637429762557002478B2 /* PBXTargetDependency */ = {
			isa = PBXTargetDependency;
			target = C752635729762556002478B2 /* GitHubClientWithInjectable */;
			targetProxy = C752637329762557002478B2 /* PBXContainerItemProxy */;
		};
/* End PBXTargetDependency section */

/* Begin XCBuildConfiguration section */
		C752637A29762557002478B2 /* Debug */ = {
			isa = XCBuildConfiguration;
			buildSettings = {
				ALWAYS_SEARCH_USER_PATHS = NO;
				CLANG_ANALYZER_NONNULL = YES;
				CLANG_ANALYZER_NUMBER_OBJECT_CONVERSION = YES_AGGRESSIVE;
				CLANG_CXX_LANGUAGE_STANDARD = "gnu++20";
				CLANG_ENABLE_MODULES = YES;
				CLANG_ENABLE_OBJC_ARC = YES;
				CLANG_ENABLE_OBJC_WEAK = YES;
				CLANG_WARN_BLOCK_CAPTURE_AUTORELEASING = YES;
				CLANG_WARN_BOOL_CONVERSION = YES;
				CLANG_WARN_COMMA = YES;
				CLANG_WARN_CONSTANT_CONVERSION = YES;
				CLANG_WARN_DEPRECATED_OBJC_IMPLEMENTATIONS = YES;
				CLANG_WARN_DIRECT_OBJC_ISA_USAGE = YES_ERROR;
				CLANG_WARN_DOCUMENTATION_COMMENTS = YES;
				CLANG_WARN_EMPTY_BODY = YES;
				CLANG_WARN_ENUM_CONVERSION = YES;
				CLANG_WARN_INFINITE_RECURSION = YES;
				CLANG_WARN_INT_CONVERSION = YES;
				CLANG_WARN_NON_LITERAL_NULL_CONVERSION = YES;
				CLANG_WARN_OBJC_IMPLICIT_RETAIN_SELF = YES;
				CLANG_WARN_OBJC_LITERAL_CONVERSION = YES;
				CLANG_WARN_OBJC_ROOT_CLASS = YES_ERROR;
				CLANG_WARN_QUOTED_INCLUDE_IN_FRAMEWORK_HEADER = YES;
				CLANG_WARN_RANGE_LOOP_ANALYSIS = YES;
				CLANG_WARN_STRICT_PROTOTYPES = YES;
				CLANG_WARN_SUSPICIOUS_MOVE = YES;
				CLANG_WARN_UNGUARDED_AVAILABILITY = YES_AGGRESSIVE;
				CLANG_WARN_UNREACHABLE_CODE = YES;
				CLANG_WARN__DUPLICATE_METHOD_MATCH = YES;
				COPY_PHASE_STRIP = NO;
				DEBUG_INFORMATION_FORMAT = dwarf;
				ENABLE_STRICT_OBJC_MSGSEND = YES;
				ENABLE_TESTABILITY = YES;
				GCC_C_LANGUAGE_STANDARD = gnu11;
				GCC_DYNAMIC_NO_PIC = NO;
				GCC_NO_COMMON_BLOCKS = YES;
				GCC_OPTIMIZATION_LEVEL = 0;
				GCC_PREPROCESSOR_DEFINITIONS = (
					"DEBUG=1",
					"$(inherited)",
				);
				GCC_WARN_64_TO_32_BIT_CONVERSION = YES;
				GCC_WARN_ABOUT_RETURN_TYPE = YES_ERROR;
				GCC_WARN_UNDECLARED_SELECTOR = YES;
				GCC_WARN_UNINITIALIZED_AUTOS = YES_AGGRESSIVE;
				GCC_WARN_UNUSED_FUNCTION = YES;
				GCC_WARN_UNUSED_VARIABLE = YES;
				IPHONEOS_DEPLOYMENT_TARGET = 16.2;
				MTL_ENABLE_DEBUG_INFO = INCLUDE_SOURCE;
				MTL_FAST_MATH = YES;
				ONLY_ACTIVE_ARCH = YES;
				SDKROOT = iphoneos;
				SWIFT_ACTIVE_COMPILATION_CONDITIONS = DEBUG;
				SWIFT_OPTIMIZATION_LEVEL = "-Onone";
			};
			name = Debug;
		};
		C752637B29762557002478B2 /* Release */ = {
			isa = XCBuildConfiguration;
			buildSettings = {
				ALWAYS_SEARCH_USER_PATHS = NO;
				CLANG_ANALYZER_NONNULL = YES;
				CLANG_ANALYZER_NUMBER_OBJECT_CONVERSION = YES_AGGRESSIVE;
				CLANG_CXX_LANGUAGE_STANDARD = "gnu++20";
				CLANG_ENABLE_MODULES = YES;
				CLANG_ENABLE_OBJC_ARC = YES;
				CLANG_ENABLE_OBJC_WEAK = YES;
				CLANG_WARN_BLOCK_CAPTURE_AUTORELEASING = YES;
				CLANG_WARN_BOOL_CONVERSION = YES;
				CLANG_WARN_COMMA = YES;
				CLANG_WARN_CONSTANT_CONVERSION = YES;
				CLANG_WARN_DEPRECATED_OBJC_IMPLEMENTATIONS = YES;
				CLANG_WARN_DIRECT_OBJC_ISA_USAGE = YES_ERROR;
				CLANG_WARN_DOCUMENTATION_COMMENTS = YES;
				CLANG_WARN_EMPTY_BODY = YES;
				CLANG_WARN_ENUM_CONVERSION = YES;
				CLANG_WARN_INFINITE_RECURSION = YES;
				CLANG_WARN_INT_CONVERSION = YES;
				CLANG_WARN_NON_LITERAL_NULL_CONVERSION = YES;
				CLANG_WARN_OBJC_IMPLICIT_RETAIN_SELF = YES;
				CLANG_WARN_OBJC_LITERAL_CONVERSION = YES;
				CLANG_WARN_OBJC_ROOT_CLASS = YES_ERROR;
				CLANG_WARN_QUOTED_INCLUDE_IN_FRAMEWORK_HEADER = YES;
				CLANG_WARN_RANGE_LOOP_ANALYSIS = YES;
				CLANG_WARN_STRICT_PROTOTYPES = YES;
				CLANG_WARN_SUSPICIOUS_MOVE = YES;
				CLANG_WARN_UNGUARDED_AVAILABILITY = YES_AGGRESSIVE;
				CLANG_WARN_UNREACHABLE_CODE = YES;
				CLANG_WARN__DUPLICATE_METHOD_MATCH = YES;
				COPY_PHASE_STRIP = NO;
				DEBUG_INFORMATION_FORMAT = "dwarf-with-dsym";
				ENABLE_NS_ASSERTIONS = NO;
				ENABLE_STRICT_OBJC_MSGSEND = YES;
				GCC_C_LANGUAGE_STANDARD = gnu11;
				GCC_NO_COMMON_BLOCKS = YES;
				GCC_WARN_64_TO_32_BIT_CONVERSION = YES;
				GCC_WARN_ABOUT_RETURN_TYPE = YES_ERROR;
				GCC_WARN_UNDECLARED_SELECTOR = YES;
				GCC_WARN_UNINITIALIZED_AUTOS = YES_AGGRESSIVE;
				GCC_WARN_UNUSED_FUNCTION = YES;
				GCC_WARN_UNUSED_VARIABLE = YES;
				IPHONEOS_DEPLOYMENT_TARGET = 16.2;
				MTL_ENABLE_DEBUG_INFO = NO;
				MTL_FAST_MATH = YES;
				SDKROOT = iphoneos;
				SWIFT_COMPILATION_MODE = wholemodule;
				SWIFT_OPTIMIZATION_LEVEL = "-O";
				VALIDATE_PRODUCT = YES;
			};
			name = Release;
		};
		C752637D29762557002478B2 /* Debug */ = {
			isa = XCBuildConfiguration;
			buildSettings = {
				ASSETCATALOG_COMPILER_APPICON_NAME = AppIcon;
				ASSETCATALOG_COMPILER_GLOBAL_ACCENT_COLOR_NAME = AccentColor;
				CODE_SIGN_STYLE = Automatic;
				CURRENT_PROJECT_VERSION = 1;
				DEVELOPMENT_ASSET_PATHS = "\"GitHubClientWithInjectable/Preview Content\"";
				DEVELOPMENT_TEAM = 3VPL75LCE8;
				ENABLE_PREVIEWS = YES;
				GENERATE_INFOPLIST_FILE = YES;
				INFOPLIST_KEY_UIApplicationSceneManifest_Generation = YES;
				INFOPLIST_KEY_UIApplicationSupportsIndirectInputEvents = YES;
				INFOPLIST_KEY_UILaunchScreen_Generation = YES;
				INFOPLIST_KEY_UISupportedInterfaceOrientations_iPad = "UIInterfaceOrientationPortrait UIInterfaceOrientationPortraitUpsideDown UIInterfaceOrientationLandscapeLeft UIInterfaceOrientationLandscapeRight";
				INFOPLIST_KEY_UISupportedInterfaceOrientations_iPhone = "UIInterfaceOrientationPortrait UIInterfaceOrientationLandscapeLeft UIInterfaceOrientationLandscapeRight";
				LD_RUNPATH_SEARCH_PATHS = (
					"$(inherited)",
					"@executable_path/Frameworks",
				);
				MARKETING_VERSION = 1.0;
				PRODUCT_BUNDLE_IDENTIFIER = franco.bellu.GitHubClientWithInjectable;
				PRODUCT_NAME = "$(TARGET_NAME)";
				SWIFT_EMIT_LOC_STRINGS = YES;
				SWIFT_VERSION = 5.0;
				TARGETED_DEVICE_FAMILY = "1,2";
			};
			name = Debug;
		};
		C752637E29762557002478B2 /* Release */ = {
			isa = XCBuildConfiguration;
			buildSettings = {
				ASSETCATALOG_COMPILER_APPICON_NAME = AppIcon;
				ASSETCATALOG_COMPILER_GLOBAL_ACCENT_COLOR_NAME = AccentColor;
				CODE_SIGN_STYLE = Automatic;
				CURRENT_PROJECT_VERSION = 1;
				DEVELOPMENT_ASSET_PATHS = "\"GitHubClientWithInjectable/Preview Content\"";
				DEVELOPMENT_TEAM = 3VPL75LCE8;
				ENABLE_PREVIEWS = YES;
				GENERATE_INFOPLIST_FILE = YES;
				INFOPLIST_KEY_UIApplicationSceneManifest_Generation = YES;
				INFOPLIST_KEY_UIApplicationSupportsIndirectInputEvents = YES;
				INFOPLIST_KEY_UILaunchScreen_Generation = YES;
				INFOPLIST_KEY_UISupportedInterfaceOrientations_iPad = "UIInterfaceOrientationPortrait UIInterfaceOrientationPortraitUpsideDown UIInterfaceOrientationLandscapeLeft UIInterfaceOrientationLandscapeRight";
				INFOPLIST_KEY_UISupportedInterfaceOrientations_iPhone = "UIInterfaceOrientationPortrait UIInterfaceOrientationLandscapeLeft UIInterfaceOrientationLandscapeRight";
				LD_RUNPATH_SEARCH_PATHS = (
					"$(inherited)",
					"@executable_path/Frameworks",
				);
				MARKETING_VERSION = 1.0;
				PRODUCT_BUNDLE_IDENTIFIER = franco.bellu.GitHubClientWithInjectable;
				PRODUCT_NAME = "$(TARGET_NAME)";
				SWIFT_EMIT_LOC_STRINGS = YES;
				SWIFT_VERSION = 5.0;
				TARGETED_DEVICE_FAMILY = "1,2";
			};
			name = Release;
		};
		C752638029762557002478B2 /* Debug */ = {
			isa = XCBuildConfiguration;
			buildSettings = {
				ALWAYS_EMBED_SWIFT_STANDARD_LIBRARIES = YES;
				BUNDLE_LOADER = "$(TEST_HOST)";
				CODE_SIGN_STYLE = Automatic;
				CURRENT_PROJECT_VERSION = 1;
				DEVELOPMENT_TEAM = 3VPL75LCE8;
				GENERATE_INFOPLIST_FILE = YES;
				IPHONEOS_DEPLOYMENT_TARGET = 16.2;
				MARKETING_VERSION = 1.0;
				PRODUCT_BUNDLE_IDENTIFIER = franco.bellu.GitHubClientWithInjectableTests;
				PRODUCT_NAME = "$(TARGET_NAME)";
				SWIFT_EMIT_LOC_STRINGS = NO;
				SWIFT_VERSION = 5.0;
				TARGETED_DEVICE_FAMILY = "1,2";
				TEST_HOST = "$(BUILT_PRODUCTS_DIR)/GitHubClientWithInjectable.app/$(BUNDLE_EXECUTABLE_FOLDER_PATH)/GitHubClientWithInjectable";
			};
			name = Debug;
		};
		C752638129762557002478B2 /* Release */ = {
			isa = XCBuildConfiguration;
			buildSettings = {
				ALWAYS_EMBED_SWIFT_STANDARD_LIBRARIES = YES;
				BUNDLE_LOADER = "$(TEST_HOST)";
				CODE_SIGN_STYLE = Automatic;
				CURRENT_PROJECT_VERSION = 1;
				DEVELOPMENT_TEAM = 3VPL75LCE8;
				GENERATE_INFOPLIST_FILE = YES;
				IPHONEOS_DEPLOYMENT_TARGET = 16.2;
				MARKETING_VERSION = 1.0;
				PRODUCT_BUNDLE_IDENTIFIER = franco.bellu.GitHubClientWithInjectableTests;
				PRODUCT_NAME = "$(TARGET_NAME)";
				SWIFT_EMIT_LOC_STRINGS = NO;
				SWIFT_VERSION = 5.0;
				TARGETED_DEVICE_FAMILY = "1,2";
				TEST_HOST = "$(BUILT_PRODUCTS_DIR)/GitHubClientWithInjectable.app/$(BUNDLE_EXECUTABLE_FOLDER_PATH)/GitHubClientWithInjectable";
			};
			name = Release;
		};
		C752638329762557002478B2 /* Debug */ = {
			isa = XCBuildConfiguration;
			buildSettings = {
				ALWAYS_EMBED_SWIFT_STANDARD_LIBRARIES = YES;
				CODE_SIGN_STYLE = Automatic;
				CURRENT_PROJECT_VERSION = 1;
				DEVELOPMENT_TEAM = 3VPL75LCE8;
				GENERATE_INFOPLIST_FILE = YES;
				MARKETING_VERSION = 1.0;
				PRODUCT_BUNDLE_IDENTIFIER = franco.bellu.GitHubClientWithInjectableUITests;
				PRODUCT_NAME = "$(TARGET_NAME)";
				SWIFT_EMIT_LOC_STRINGS = NO;
				SWIFT_VERSION = 5.0;
				TARGETED_DEVICE_FAMILY = "1,2";
				TEST_TARGET_NAME = GitHubClientWithInjectable;
			};
			name = Debug;
		};
		C752638429762557002478B2 /* Release */ = {
			isa = XCBuildConfiguration;
			buildSettings = {
				ALWAYS_EMBED_SWIFT_STANDARD_LIBRARIES = YES;
				CODE_SIGN_STYLE = Automatic;
				CURRENT_PROJECT_VERSION = 1;
				DEVELOPMENT_TEAM = 3VPL75LCE8;
				GENERATE_INFOPLIST_FILE = YES;
				MARKETING_VERSION = 1.0;
				PRODUCT_BUNDLE_IDENTIFIER = franco.bellu.GitHubClientWithInjectableUITests;
				PRODUCT_NAME = "$(TARGET_NAME)";
				SWIFT_EMIT_LOC_STRINGS = NO;
				SWIFT_VERSION = 5.0;
				TARGETED_DEVICE_FAMILY = "1,2";
				TEST_TARGET_NAME = GitHubClientWithInjectable;
			};
			name = Release;
		};
/* End XCBuildConfiguration section */

/* Begin XCConfigurationList section */
		C752635329762556002478B2 /* Build configuration list for PBXProject "GitHubClientWithInjectable" */ = {
			isa = XCConfigurationList;
			buildConfigurations = (
				C752637A29762557002478B2 /* Debug */,
				C752637B29762557002478B2 /* Release */,
			);
			defaultConfigurationIsVisible = 0;
			defaultConfigurationName = Release;
		};
		C752637C29762557002478B2 /* Build configuration list for PBXNativeTarget "GitHubClientWithInjectable" */ = {
			isa = XCConfigurationList;
			buildConfigurations = (
				C752637D29762557002478B2 /* Debug */,
				C752637E29762557002478B2 /* Release */,
			);
			defaultConfigurationIsVisible = 0;
			defaultConfigurationName = Release;
		};
		C752637F29762557002478B2 /* Build configuration list for PBXNativeTarget "GitHubClientWithInjectableTests" */ = {
			isa = XCConfigurationList;
			buildConfigurations = (
				C752638029762557002478B2 /* Debug */,
				C752638129762557002478B2 /* Release */,
			);
			defaultConfigurationIsVisible = 0;
			defaultConfigurationName = Release;
		};
		C752638229762557002478B2 /* Build configuration list for PBXNativeTarget "GitHubClientWithInjectableUITests" */ = {
			isa = XCConfigurationList;
			buildConfigurations = (
				C752638329762557002478B2 /* Debug */,
				C752638429762557002478B2 /* Release */,
			);
			defaultConfigurationIsVisible = 0;
			defaultConfigurationName = Release;
		};
/* End XCConfigurationList section */
	};
	rootObject = C752635029762556002478B2 /* Project object */;
}
